
Microsoft Visual Studio Solution File, Format Version 12.00
# Visual Studio Version 17
VisualStudioVersion = 17.3.32825.248
MinimumVisualStudioVersion = 10.0.40219.1
Project("{9A19103F-16F7-4668-BE54-9A1E7A4F7556}") = "TatooArt.API", "TatooArt.API.csproj", "{4FDCA8A3-FFAE-4199-81AD-C46BBB36EA11}"
EndProject
Project("{9A19103F-16F7-4668-BE54-9A1E7A4F7556}") = "TatooArt.Core", "..\TatooArt.Core\TatooArt.Core.csproj", "{4F6E5A47-663D-458E-818E-49066C81315F}"
EndProject
Project("{9A19103F-16F7-4668-BE54-9A1E7A4F7556}") = "TatooArt.Model", "..\TatooArt.Model\TatooArt.Model.csproj", "{806DF95C-4A02-4BAB-B7D4-90756E457D5F}"
EndProject
Project("{9A19103F-16F7-4668-BE54-9A1E7A4F7556}") = "TatooArt.Data", "..\TatooArt.Data\TatooArt.Data.csproj", "{2BE1BB8B-EF56-4A70-9F1B-5773BCC4EA91}"
EndProject
Global
	GlobalSection(SolutionConfigurationPlatforms) = preSolution
		Debug|Any CPU = Debug|Any CPU
		Release|Any CPU = Release|Any CPU
	EndGlobalSection
	GlobalSection(ProjectConfigurationPlatforms) = postSolution
		{4FDCA8A3-FFAE-4199-81AD-C46BBB36EA11}.Debug|Any CPU.ActiveCfg = Debug|Any CPU
		{4FDCA8A3-FFAE-4199-81AD-C46BBB36EA11}.Debug|Any CPU.Build.0 = Debug|Any CPU
		{4FDCA8A3-FFAE-4199-81AD-C46BBB36EA11}.Release|Any CPU.ActiveCfg = Release|Any CPU
		{4FDCA8A3-FFAE-4199-81AD-C46BBB36EA11}.Release|Any CPU.Build.0 = Release|Any CPU
		{4F6E5A47-663D-458E-818E-49066C81315F}.Debug|Any CPU.ActiveCfg = Debug|Any CPU
		{4F6E5A47-663D-458E-818E-49066C81315F}.Debug|Any CPU.Build.0 = Debug|Any CPU
		{4F6E5A47-663D-458E-818E-49066C81315F}.Release|Any CPU.ActiveCfg = Release|Any CPU
		{4F6E5A47-663D-458E-818E-49066C81315F}.Release|Any CPU.Build.0 = Release|Any CPU
		{806DF95C-4A02-4BAB-B7D4-90756E457D5F}.Debug|Any CPU.ActiveCfg = Debug|Any CPU
		{806DF95C-4A02-4BAB-B7D4-90756E457D5F}.Debug|Any CPU.Build.0 = Debug|Any CPU
		{806DF95C-4A02-4BAB-B7D4-90756E457D5F}.Release|Any CPU.ActiveCfg = Release|Any CPU
		{806DF95C-4A02-4BAB-B7D4-90756E457D5F}.Release|Any CPU.Build.0 = Release|Any CPU
		{2BE1BB8B-EF56-4A70-9F1B-5773BCC4EA91}.Debug|Any CPU.ActiveCfg = Debug|Any CPU
		{2BE1BB8B-EF56-4A70-9F1B-5773BCC4EA91}.Debug|Any CPU.Build.0 = Debug|Any CPU
		{2BE1BB8B-EF56-4A70-9F1B-5773BCC4EA91}.Release|Any CPU.ActiveCfg = Release|Any CPU
		{2BE1BB8B-EF56-4A70-9F1B-5773BCC4EA91}.Release|Any CPU.Build.0 = Release|Any CPU
	EndGlobalSection
	GlobalSection(SolutionProperties) = preSolution
		HideSolutionNode = FALSE
	EndGlobalSection
	GlobalSection(ExtensibilityGlobals) = postSolution
		SolutionGuid = {1CC312EF-47CF-457D-BDC2-01DF84F6E18F}
	EndGlobalSection
EndGlobal
